# This file is automatically @generated by Cargo.
# It is not intended for manual editing.
version = 3

[[package]]
name = "resast"
version = "0.5.0"
source = "registry+https://github.com/rust-lang/crates.io-index"
checksum = "dce018f9b95f19dd2df5c883fd6d394001ec093a72e0f8ea57b43612cf1f0827"

[[package]]
name = "ressa_how_big"
version = "0.1.0"
dependencies = [
 "resast",
]
